
Microsoft Visual Studio Solution File, Format Version 12.00
# Visual Studio Version 17
VisualStudioVersion = 17.7.34202.233
MinimumVisualStudioVersion = 10.0.40219.1
Project("{FAE04EC0-301F-11D3-BF4B-00C04F79EFBC}") = "WebApp", "WebApp\WebApp.csproj", "{DD0AD12D-4101-41EE-B45B-07D63B025C65}"
EndProject
Global
	GlobalSection(SolutionConfigurationPlatforms) = preSolution
		Debug|Any CPU = Debug|Any CPU
		Release|Any CPU = Release|Any CPU
	EndGlobalSection
	GlobalSection(ProjectConfigurationPlatforms) = postSolution
		{DD0AD12D-4101-41EE-B45B-07D63B025C65}.Debug|Any CPU.ActiveCfg = Debug|Any CPU
		{DD0AD12D-4101-41EE-B45B-07D63B025C65}.Debug|Any CPU.Build.0 = Debug|Any CPU
		{DD0AD12D-4101-41EE-B45B-07D63B025C65}.Release|Any CPU.ActiveCfg = Release|Any CPU
		{DD0AD12D-4101-41EE-B45B-07D63B025C65}.Release|Any CPU.Build.0 = Release|Any CPU
	EndGlobalSection
	GlobalSection(SolutionProperties) = preSolution
		HideSolutionNode = FALSE
	EndGlobalSection
	GlobalSection(ExtensibilityGlobals) = postSolution
		SolutionGuid = {41127D16-C661-4384-9211-F6E3F23CE173}
	EndGlobalSection
EndGlobal
